
Microsoft Visual Studio Solution File, Format Version 12.00
# Visual Studio Version 16
VisualStudioVersion = 16.0.30907.101
MinimumVisualStudioVersion = 10.0.40219.1
Project("{FAE04EC0-301F-11D3-BF4B-00C04F79EFBC}") = "TCPDemo", "TCPDemo\TCPDemo.csproj", "{F6278775-D1D2-4C05-8084-88DC514BDA72}"
EndProject
Global
	GlobalSection(SolutionConfigurationPlatforms) = preSolution
		Debug|Any CPU = Debug|Any CPU
		Release|Any CPU = Release|Any CPU
	EndGlobalSection
	GlobalSection(ProjectConfigurationPlatforms) = postSolution
		{F6278775-D1D2-4C05-8084-88DC514BDA72}.Debug|Any CPU.ActiveCfg = Debug|Any CPU
		{F6278775-D1D2-4C05-8084-88DC514BDA72}.Debug|Any CPU.Build.0 = Debug|Any CPU
		{F6278775-D1D2-4C05-8084-88DC514BDA72}.Release|Any CPU.ActiveCfg = Release|Any CPU
		{F6278775-D1D2-4C05-8084-88DC514BDA72}.Release|Any CPU.Build.0 = Release|Any CPU
	EndGlobalSection
	GlobalSection(SolutionProperties) = preSolution
		HideSolutionNode = FALSE
	EndGlobalSection
	GlobalSection(ExtensibilityGlobals) = postSolution
		SolutionGuid = {D4F1C640-AF91-4FCF-9C8E-C2BE50FD7AC1}
	EndGlobalSection
EndGlobal
